
Microsoft Visual Studio Solution File, Format Version 12.00
# Visual Studio Version 17
VisualStudioVersion = 17.7.34221.43
MinimumVisualStudioVersion = 10.0.40219.1
Project("{FAE04EC0-301F-11D3-BF4B-00C04F79EFBC}") = "Generics", "Generics.csproj", "{65688471-C1F6-4C1A-9CE9-D7A615834C85}"
EndProject
Global
	GlobalSection(SolutionConfigurationPlatforms) = preSolution
		Debug|Any CPU = Debug|Any CPU
		Release|Any CPU = Release|Any CPU
	EndGlobalSection
	GlobalSection(ProjectConfigurationPlatforms) = postSolution
		{65688471-C1F6-4C1A-9CE9-D7A615834C85}.Debug|Any CPU.ActiveCfg = Debug|Any CPU
		{65688471-C1F6-4C1A-9CE9-D7A615834C85}.Debug|Any CPU.Build.0 = Debug|Any CPU
		{65688471-C1F6-4C1A-9CE9-D7A615834C85}.Release|Any CPU.ActiveCfg = Release|Any CPU
		{65688471-C1F6-4C1A-9CE9-D7A615834C85}.Release|Any CPU.Build.0 = Release|Any CPU
	EndGlobalSection
	GlobalSection(SolutionProperties) = preSolution
		HideSolutionNode = FALSE
	EndGlobalSection
	GlobalSection(ExtensibilityGlobals) = postSolution
		SolutionGuid = {0238A58F-D5EA-48B6-994A-74F7DC453786}
	EndGlobalSection
EndGlobal
