
Microsoft Visual Studio Solution File, Format Version 12.00
# Visual Studio Version 17
VisualStudioVersion = 17.8.34322.80
MinimumVisualStudioVersion = 10.0.40219.1
Project("{888888A0-9F3D-457C-B088-3A5042F75D52}") = "AbaloneKNN_1174066", "AbaloneKNN_1174066\AbaloneKNN_1174066.pyproj", "{8A6D93DE-BD44-4DF6-92EF-F055F9B9A74A}"
EndProject
Global
	GlobalSection(SolutionConfigurationPlatforms) = preSolution
		Debug|Any CPU = Debug|Any CPU
		Release|Any CPU = Release|Any CPU
	EndGlobalSection
	GlobalSection(ProjectConfigurationPlatforms) = postSolution
		{8A6D93DE-BD44-4DF6-92EF-F055F9B9A74A}.Debug|Any CPU.ActiveCfg = Debug|Any CPU
		{8A6D93DE-BD44-4DF6-92EF-F055F9B9A74A}.Release|Any CPU.ActiveCfg = Release|Any CPU
	EndGlobalSection
	GlobalSection(SolutionProperties) = preSolution
		HideSolutionNode = FALSE
	EndGlobalSection
	GlobalSection(ExtensibilityGlobals) = postSolution
		SolutionGuid = {54FB7933-13B8-4D3E-96C2-0E7898E2BC5E}
	EndGlobalSection
EndGlobal
