
Microsoft Visual Studio Solution File, Format Version 12.00
# Visual Studio Version 17
VisualStudioVersion = 17.8.34322.80
MinimumVisualStudioVersion = 10.0.40219.1
Project("{FAE04EC0-301F-11D3-BF4B-00C04F79EFBC}") = "StatePattern", "StatePattern\StatePattern.csproj", "{0AA7AA05-DFE9-4131-A787-96044EEEEB86}"
EndProject
Global
	GlobalSection(SolutionConfigurationPlatforms) = preSolution
		Debug|Any CPU = Debug|Any CPU
		Release|Any CPU = Release|Any CPU
	EndGlobalSection
	GlobalSection(ProjectConfigurationPlatforms) = postSolution
		{0AA7AA05-DFE9-4131-A787-96044EEEEB86}.Debug|Any CPU.ActiveCfg = Debug|Any CPU
		{0AA7AA05-DFE9-4131-A787-96044EEEEB86}.Debug|Any CPU.Build.0 = Debug|Any CPU
		{0AA7AA05-DFE9-4131-A787-96044EEEEB86}.Release|Any CPU.ActiveCfg = Release|Any CPU
		{0AA7AA05-DFE9-4131-A787-96044EEEEB86}.Release|Any CPU.Build.0 = Release|Any CPU
	EndGlobalSection
	GlobalSection(SolutionProperties) = preSolution
		HideSolutionNode = FALSE
	EndGlobalSection
	GlobalSection(ExtensibilityGlobals) = postSolution
		SolutionGuid = {8E99E87B-95EF-458F-BD7A-8B40657CB214}
	EndGlobalSection
EndGlobal
