
Microsoft Visual Studio Solution File, Format Version 12.00
# Visual Studio Version 17
VisualStudioVersion = 17.8.34322.80
MinimumVisualStudioVersion = 10.0.40219.1
Project("{FAE04EC0-301F-11D3-BF4B-00C04F79EFBC}") = "TestD1", "TestD1\TestD1.csproj", "{56E162FE-17E3-47EF-8100-4508571D0D73}"
EndProject
Global
	GlobalSection(SolutionConfigurationPlatforms) = preSolution
		Debug|Any CPU = Debug|Any CPU
		Release|Any CPU = Release|Any CPU
	EndGlobalSection
	GlobalSection(ProjectConfigurationPlatforms) = postSolution
		{56E162FE-17E3-47EF-8100-4508571D0D73}.Debug|Any CPU.ActiveCfg = Debug|Any CPU
		{56E162FE-17E3-47EF-8100-4508571D0D73}.Debug|Any CPU.Build.0 = Debug|Any CPU
		{56E162FE-17E3-47EF-8100-4508571D0D73}.Release|Any CPU.ActiveCfg = Release|Any CPU
		{56E162FE-17E3-47EF-8100-4508571D0D73}.Release|Any CPU.Build.0 = Release|Any CPU
	EndGlobalSection
	GlobalSection(SolutionProperties) = preSolution
		HideSolutionNode = FALSE
	EndGlobalSection
	GlobalSection(ExtensibilityGlobals) = postSolution
		SolutionGuid = {AF34DD84-0F67-4012-A29A-A6D054FFE141}
	EndGlobalSection
EndGlobal
