
Microsoft Visual Studio Solution File, Format Version 12.00
# Visual Studio Version 17
VisualStudioVersion = 17.8.34322.80
MinimumVisualStudioVersion = 10.0.40219.1
Project("{888888A0-9F3D-457C-B088-3A5042F75D52}") = "Assignment09_1174066_DecisionTreesRandomForests", "Assignment09_1174066_DecisionTreesRandomForests\Assignment09_1174066_DecisionTreesRandomForests.pyproj", "{86FADBD9-1CA9-411C-A572-5D09B2D33D91}"
EndProject
Global
	GlobalSection(SolutionConfigurationPlatforms) = preSolution
		Debug|Any CPU = Debug|Any CPU
		Release|Any CPU = Release|Any CPU
	EndGlobalSection
	GlobalSection(ProjectConfigurationPlatforms) = postSolution
		{86FADBD9-1CA9-411C-A572-5D09B2D33D91}.Debug|Any CPU.ActiveCfg = Debug|Any CPU
		{86FADBD9-1CA9-411C-A572-5D09B2D33D91}.Release|Any CPU.ActiveCfg = Release|Any CPU
	EndGlobalSection
	GlobalSection(SolutionProperties) = preSolution
		HideSolutionNode = FALSE
	EndGlobalSection
	GlobalSection(ExtensibilityGlobals) = postSolution
		SolutionGuid = {34EC3119-12DD-485B-B778-03CFE21B3533}
	EndGlobalSection
EndGlobal
