
Microsoft Visual Studio Solution File, Format Version 12.00
# Visual Studio Version 17
VisualStudioVersion = 17.8.34322.80
MinimumVisualStudioVersion = 10.0.40219.1
Project("{888888A0-9F3D-457C-B088-3A5042F75D52}") = "AbaloneKNN_1174066_", "AbaloneKNN_1174066_\AbaloneKNN_1174066_.pyproj", "{69F4BA57-F2ED-45DD-8E04-F1AD17919E18}"
EndProject
Global
	GlobalSection(SolutionConfigurationPlatforms) = preSolution
		Debug|Any CPU = Debug|Any CPU
		Release|Any CPU = Release|Any CPU
	EndGlobalSection
	GlobalSection(ProjectConfigurationPlatforms) = postSolution
		{69F4BA57-F2ED-45DD-8E04-F1AD17919E18}.Debug|Any CPU.ActiveCfg = Debug|Any CPU
		{69F4BA57-F2ED-45DD-8E04-F1AD17919E18}.Release|Any CPU.ActiveCfg = Release|Any CPU
	EndGlobalSection
	GlobalSection(SolutionProperties) = preSolution
		HideSolutionNode = FALSE
	EndGlobalSection
	GlobalSection(ExtensibilityGlobals) = postSolution
		SolutionGuid = {0B81A786-DAAF-4A51-BB59-07C86746637C}
	EndGlobalSection
EndGlobal
