
Microsoft Visual Studio Solution File, Format Version 12.00
# Visual Studio Version 17
VisualStudioVersion = 17.8.34330.188
MinimumVisualStudioVersion = 10.0.40219.1
Project("{FAE04EC0-301F-11D3-BF4B-00C04F79EFBC}") = "SessionTest", "SessionTest\SessionTest.csproj", "{ACF43CA5-D7DE-41CD-8ACF-70317220198A}"
EndProject
Global
	GlobalSection(SolutionConfigurationPlatforms) = preSolution
		Debug|Any CPU = Debug|Any CPU
		Release|Any CPU = Release|Any CPU
	EndGlobalSection
	GlobalSection(ProjectConfigurationPlatforms) = postSolution
		{ACF43CA5-D7DE-41CD-8ACF-70317220198A}.Debug|Any CPU.ActiveCfg = Debug|Any CPU
		{ACF43CA5-D7DE-41CD-8ACF-70317220198A}.Debug|Any CPU.Build.0 = Debug|Any CPU
		{ACF43CA5-D7DE-41CD-8ACF-70317220198A}.Release|Any CPU.ActiveCfg = Release|Any CPU
		{ACF43CA5-D7DE-41CD-8ACF-70317220198A}.Release|Any CPU.Build.0 = Release|Any CPU
	EndGlobalSection
	GlobalSection(SolutionProperties) = preSolution
		HideSolutionNode = FALSE
	EndGlobalSection
	GlobalSection(ExtensibilityGlobals) = postSolution
		SolutionGuid = {5AEA0C51-A216-4479-A44C-65ED6B915E17}
	EndGlobalSection
EndGlobal
