
Microsoft Visual Studio Solution File, Format Version 12.00
# Visual Studio Version 17
VisualStudioVersion = 17.8.34322.80
MinimumVisualStudioVersion = 10.0.40219.1
Project("{888888A0-9F3D-457C-B088-3A5042F75D52}") = "NaiveBayes_1174066", "NaiveBayes_1174066\NaiveBayes_1174066.pyproj", "{16A7677C-CD12-43EC-BAEF-B92BC59F4429}"
EndProject
Global
	GlobalSection(SolutionConfigurationPlatforms) = preSolution
		Debug|Any CPU = Debug|Any CPU
		Release|Any CPU = Release|Any CPU
	EndGlobalSection
	GlobalSection(ProjectConfigurationPlatforms) = postSolution
		{16A7677C-CD12-43EC-BAEF-B92BC59F4429}.Debug|Any CPU.ActiveCfg = Debug|Any CPU
		{16A7677C-CD12-43EC-BAEF-B92BC59F4429}.Release|Any CPU.ActiveCfg = Release|Any CPU
	EndGlobalSection
	GlobalSection(SolutionProperties) = preSolution
		HideSolutionNode = FALSE
	EndGlobalSection
	GlobalSection(ExtensibilityGlobals) = postSolution
		SolutionGuid = {2134FF3D-0E05-4590-99DA-919F76209B6E}
	EndGlobalSection
EndGlobal
