
Microsoft Visual Studio Solution File, Format Version 12.00
# Visual Studio Version 17
VisualStudioVersion = 17.8.34322.80
MinimumVisualStudioVersion = 10.0.40219.1
Project("{888888A0-9F3D-457C-B088-3A5042F75D52}") = "CPU_scheduler_", "CPU_scheduler_\CPU_scheduler_.pyproj", "{B0EAA82E-240A-439C-B0D9-F0C79215086E}"
EndProject
Global
	GlobalSection(SolutionConfigurationPlatforms) = preSolution
		Debug|Any CPU = Debug|Any CPU
		Release|Any CPU = Release|Any CPU
	EndGlobalSection
	GlobalSection(ProjectConfigurationPlatforms) = postSolution
		{B0EAA82E-240A-439C-B0D9-F0C79215086E}.Debug|Any CPU.ActiveCfg = Debug|Any CPU
		{B0EAA82E-240A-439C-B0D9-F0C79215086E}.Release|Any CPU.ActiveCfg = Release|Any CPU
	EndGlobalSection
	GlobalSection(SolutionProperties) = preSolution
		HideSolutionNode = FALSE
	EndGlobalSection
	GlobalSection(ExtensibilityGlobals) = postSolution
		SolutionGuid = {F84D27CB-1719-47DA-AC16-925CED5E91F6}
	EndGlobalSection
EndGlobal
