
Microsoft Visual Studio Solution File, Format Version 12.00
# Visual Studio Version 17
VisualStudioVersion = 17.8.34322.80
MinimumVisualStudioVersion = 10.0.40219.1
Project("{FAE04EC0-301F-11D3-BF4B-00C04F79EFBC}") = "VisitorPattern", "VisitorPattern\VisitorPattern.csproj", "{8A048BA8-4579-450E-9171-4DB39C00062F}"
EndProject
Global
	GlobalSection(SolutionConfigurationPlatforms) = preSolution
		Debug|Any CPU = Debug|Any CPU
		Release|Any CPU = Release|Any CPU
	EndGlobalSection
	GlobalSection(ProjectConfigurationPlatforms) = postSolution
		{8A048BA8-4579-450E-9171-4DB39C00062F}.Debug|Any CPU.ActiveCfg = Debug|Any CPU
		{8A048BA8-4579-450E-9171-4DB39C00062F}.Debug|Any CPU.Build.0 = Debug|Any CPU
		{8A048BA8-4579-450E-9171-4DB39C00062F}.Release|Any CPU.ActiveCfg = Release|Any CPU
		{8A048BA8-4579-450E-9171-4DB39C00062F}.Release|Any CPU.Build.0 = Release|Any CPU
	EndGlobalSection
	GlobalSection(SolutionProperties) = preSolution
		HideSolutionNode = FALSE
	EndGlobalSection
	GlobalSection(ExtensibilityGlobals) = postSolution
		SolutionGuid = {2EBD49DA-198D-46B6-9EC0-0ACBD5393B1D}
	EndGlobalSection
EndGlobal
