
Microsoft Visual Studio Solution File, Format Version 12.00
# Visual Studio Version 17
VisualStudioVersion = 17.8.34322.80
MinimumVisualStudioVersion = 10.0.40219.1
Project("{888888A0-9F3D-457C-B088-3A5042F75D52}") = "CoraGCN", "CoraGCN\CoraGCN.pyproj", "{64B28B2C-4850-4A74-8491-935A3F9E49FE}"
EndProject
Global
	GlobalSection(SolutionConfigurationPlatforms) = preSolution
		Debug|Any CPU = Debug|Any CPU
		Release|Any CPU = Release|Any CPU
	EndGlobalSection
	GlobalSection(ProjectConfigurationPlatforms) = postSolution
		{64B28B2C-4850-4A74-8491-935A3F9E49FE}.Debug|Any CPU.ActiveCfg = Debug|Any CPU
		{64B28B2C-4850-4A74-8491-935A3F9E49FE}.Release|Any CPU.ActiveCfg = Release|Any CPU
	EndGlobalSection
	GlobalSection(SolutionProperties) = preSolution
		HideSolutionNode = FALSE
	EndGlobalSection
	GlobalSection(ExtensibilityGlobals) = postSolution
		SolutionGuid = {37B34352-DD69-4C7C-AFC5-EE940AA965C1}
	EndGlobalSection
EndGlobal
