
Microsoft Visual Studio Solution File, Format Version 12.00
# Visual Studio Version 17
VisualStudioVersion = 17.7.34221.43
MinimumVisualStudioVersion = 10.0.40219.1
Project("{FAE04EC0-301F-11D3-BF4B-00C04F79EFBC}") = "DBStudentApp_1174066", "DBStudentApp_1174066.csproj", "{1C842355-97D8-4768-8B03-AA04A6D98803}"
EndProject
Global
	GlobalSection(SolutionConfigurationPlatforms) = preSolution
		Debug|Any CPU = Debug|Any CPU
		Release|Any CPU = Release|Any CPU
	EndGlobalSection
	GlobalSection(ProjectConfigurationPlatforms) = postSolution
		{1C842355-97D8-4768-8B03-AA04A6D98803}.Debug|Any CPU.ActiveCfg = Debug|Any CPU
		{1C842355-97D8-4768-8B03-AA04A6D98803}.Debug|Any CPU.Build.0 = Debug|Any CPU
		{1C842355-97D8-4768-8B03-AA04A6D98803}.Release|Any CPU.ActiveCfg = Release|Any CPU
		{1C842355-97D8-4768-8B03-AA04A6D98803}.Release|Any CPU.Build.0 = Release|Any CPU
	EndGlobalSection
	GlobalSection(SolutionProperties) = preSolution
		HideSolutionNode = FALSE
	EndGlobalSection
	GlobalSection(ExtensibilityGlobals) = postSolution
		SolutionGuid = {A5BF2DF2-B6D3-46FA-B2DA-888FB5BA7F85}
	EndGlobalSection
EndGlobal
