
Microsoft Visual Studio Solution File, Format Version 12.00
# Visual Studio Version 17
VisualStudioVersion = 17.8.34330.188
MinimumVisualStudioVersion = 10.0.40219.1
Project("{FAE04EC0-301F-11D3-BF4B-00C04F79EFBC}") = "ProxyPattern", "ProxyPattern.csproj", "{4A7035D9-5A67-4C57-B630-716144C17C7A}"
EndProject
Global
	GlobalSection(SolutionConfigurationPlatforms) = preSolution
		Debug|Any CPU = Debug|Any CPU
		Release|Any CPU = Release|Any CPU
	EndGlobalSection
	GlobalSection(ProjectConfigurationPlatforms) = postSolution
		{4A7035D9-5A67-4C57-B630-716144C17C7A}.Debug|Any CPU.ActiveCfg = Debug|Any CPU
		{4A7035D9-5A67-4C57-B630-716144C17C7A}.Debug|Any CPU.Build.0 = Debug|Any CPU
		{4A7035D9-5A67-4C57-B630-716144C17C7A}.Release|Any CPU.ActiveCfg = Release|Any CPU
		{4A7035D9-5A67-4C57-B630-716144C17C7A}.Release|Any CPU.Build.0 = Release|Any CPU
	EndGlobalSection
	GlobalSection(SolutionProperties) = preSolution
		HideSolutionNode = FALSE
	EndGlobalSection
	GlobalSection(ExtensibilityGlobals) = postSolution
		SolutionGuid = {F163AD69-83C3-4099-91EF-913146A5CDC6}
	EndGlobalSection
EndGlobal
