
Microsoft Visual Studio Solution File, Format Version 12.00
# Visual Studio Version 17
VisualStudioVersion = 17.8.34322.80
MinimumVisualStudioVersion = 10.0.40219.1
Project("{888888A0-9F3D-457C-B088-3A5042F75D52}") = "Assignment09_1174066_LogisticReg", "Assignment09_1174066\Assignment09_1174066_LogisticReg.pyproj", "{222B4CEF-A25A-40CB-B09F-399EAC03F07A}"
EndProject
Global
	GlobalSection(SolutionConfigurationPlatforms) = preSolution
		Debug|Any CPU = Debug|Any CPU
		Release|Any CPU = Release|Any CPU
	EndGlobalSection
	GlobalSection(ProjectConfigurationPlatforms) = postSolution
		{222B4CEF-A25A-40CB-B09F-399EAC03F07A}.Debug|Any CPU.ActiveCfg = Debug|Any CPU
		{222B4CEF-A25A-40CB-B09F-399EAC03F07A}.Release|Any CPU.ActiveCfg = Release|Any CPU
	EndGlobalSection
	GlobalSection(SolutionProperties) = preSolution
		HideSolutionNode = FALSE
	EndGlobalSection
	GlobalSection(ExtensibilityGlobals) = postSolution
		SolutionGuid = {C188AE11-8DE4-45B8-9A1D-AD38CC279FA9}
	EndGlobalSection
EndGlobal
