
Microsoft Visual Studio Solution File, Format Version 12.00
# Visual Studio Version 17
VisualStudioVersion = 17.8.34322.80
MinimumVisualStudioVersion = 10.0.40219.1
Project("{888888A0-9F3D-457C-B088-3A5042F75D52}") = "AutoEncoderCancerAnalysis", "AutoEncoderCancerAnalysis\AutoEncoderCancerAnalysis.pyproj", "{8C612FE9-470E-4EEE-95A6-C014340F617E}"
EndProject
Global
	GlobalSection(SolutionConfigurationPlatforms) = preSolution
		Debug|Any CPU = Debug|Any CPU
		Release|Any CPU = Release|Any CPU
	EndGlobalSection
	GlobalSection(ProjectConfigurationPlatforms) = postSolution
		{8C612FE9-470E-4EEE-95A6-C014340F617E}.Debug|Any CPU.ActiveCfg = Debug|Any CPU
		{8C612FE9-470E-4EEE-95A6-C014340F617E}.Release|Any CPU.ActiveCfg = Release|Any CPU
	EndGlobalSection
	GlobalSection(SolutionProperties) = preSolution
		HideSolutionNode = FALSE
	EndGlobalSection
	GlobalSection(ExtensibilityGlobals) = postSolution
		SolutionGuid = {23FFCF7F-31BB-49B5-BFFE-A2EC7B391C17}
	EndGlobalSection
EndGlobal
