
Microsoft Visual Studio Solution File, Format Version 12.00
# Visual Studio Version 17
VisualStudioVersion = 17.10.34928.147
MinimumVisualStudioVersion = 10.0.40219.1
Project("{888888A0-9F3D-457C-B088-3A5042F75D52}") = "TransformerAM_", "TransformerAM_\TransformerAM_.pyproj", "{932244B6-D298-43D2-8D50-9CD68B2612D5}"
EndProject
Global
	GlobalSection(SolutionConfigurationPlatforms) = preSolution
		Debug|Any CPU = Debug|Any CPU
		Release|Any CPU = Release|Any CPU
	EndGlobalSection
	GlobalSection(ProjectConfigurationPlatforms) = postSolution
		{932244B6-D298-43D2-8D50-9CD68B2612D5}.Debug|Any CPU.ActiveCfg = Debug|Any CPU
		{932244B6-D298-43D2-8D50-9CD68B2612D5}.Release|Any CPU.ActiveCfg = Release|Any CPU
	EndGlobalSection
	GlobalSection(SolutionProperties) = preSolution
		HideSolutionNode = FALSE
	EndGlobalSection
	GlobalSection(ExtensibilityGlobals) = postSolution
		SolutionGuid = {FE88810B-C1A4-42A0-B421-BCD7433154FC}
	EndGlobalSection
EndGlobal
